
Microsoft Visual Studio Solution File, Format Version 12.00
# Visual Studio Version 16
VisualStudioVersion = 16.0.31729.503
MinimumVisualStudioVersion = 10.0.40219.1
Project("{9A19103F-16F7-4668-BE54-9A1E7A4F7556}") = "WPF", "WPF.csproj", "{84C78C43-D870-4EED-93B0-7F558FD9716C}"
EndProject
Global
	GlobalSection(SolutionConfigurationPlatforms) = preSolution
		Debug|Any CPU = Debug|Any CPU
		Release|Any CPU = Release|Any CPU
	EndGlobalSection
	GlobalSection(ProjectConfigurationPlatforms) = postSolution
		{84C78C43-D870-4EED-93B0-7F558FD9716C}.Debug|Any CPU.ActiveCfg = Debug|Any CPU
		{84C78C43-D870-4EED-93B0-7F558FD9716C}.Debug|Any CPU.Build.0 = Debug|Any CPU
		{84C78C43-D870-4EED-93B0-7F558FD9716C}.Release|Any CPU.ActiveCfg = Release|Any CPU
		{84C78C43-D870-4EED-93B0-7F558FD9716C}.Release|Any CPU.Build.0 = Release|Any CPU
	EndGlobalSection
	GlobalSection(SolutionProperties) = preSolution
		HideSolutionNode = FALSE
	EndGlobalSection
	GlobalSection(ExtensibilityGlobals) = postSolution
		SolutionGuid = {B48C8A0C-193C-4BE8-A261-B5691F42A27C}
	EndGlobalSection
EndGlobal
